
Microsoft Visual Studio Solution File, Format Version 12.00
# Visual Studio Version 16
VisualStudioVersion = 16.0.30523.141
MinimumVisualStudioVersion = 10.0.40219.1
Project("{9A19103F-16F7-4668-BE54-9A1E7A4F7556}") = "Afalex.Extensions", "Afalex.Extensions.csproj", "{085F2BEB-3A92-4844-B66F-75D715ED7FA9}"
EndProject
Project("{FAE04EC0-301F-11D3-BF4B-00C04F79EFBC}") = "Afalex.Extensions.Tests", "..\Afalex.Extensions.Tests\Afalex.Extensions.Tests.csproj", "{2141E404-5E9B-481A-942A-312C8B4BA756}"
EndProject
Global
	GlobalSection(SolutionConfigurationPlatforms) = preSolution
		Debug|Any CPU = Debug|Any CPU
		Release|Any CPU = Release|Any CPU
	EndGlobalSection
	GlobalSection(ProjectConfigurationPlatforms) = postSolution
		{085F2BEB-3A92-4844-B66F-75D715ED7FA9}.Debug|Any CPU.ActiveCfg = Debug|Any CPU
		{085F2BEB-3A92-4844-B66F-75D715ED7FA9}.Debug|Any CPU.Build.0 = Debug|Any CPU
		{085F2BEB-3A92-4844-B66F-75D715ED7FA9}.Release|Any CPU.ActiveCfg = Release|Any CPU
		{085F2BEB-3A92-4844-B66F-75D715ED7FA9}.Release|Any CPU.Build.0 = Release|Any CPU
		{2141E404-5E9B-481A-942A-312C8B4BA756}.Debug|Any CPU.ActiveCfg = Debug|Any CPU
		{2141E404-5E9B-481A-942A-312C8B4BA756}.Debug|Any CPU.Build.0 = Debug|Any CPU
		{2141E404-5E9B-481A-942A-312C8B4BA756}.Release|Any CPU.ActiveCfg = Release|Any CPU
		{2141E404-5E9B-481A-942A-312C8B4BA756}.Release|Any CPU.Build.0 = Release|Any CPU
	EndGlobalSection
	GlobalSection(SolutionProperties) = preSolution
		HideSolutionNode = FALSE
	EndGlobalSection
	GlobalSection(ExtensibilityGlobals) = postSolution
		SolutionGuid = {9D0F1888-76EA-4734-826C-8C23D88CD85A}
	EndGlobalSection
EndGlobal
